{
  "deck": "flashcards",
  "notes": {
    "Card1": {
      "mid": 1777537141809,
      "nid": 1779122288793
    },
    "Card2": {
      "mid": 1777537141813,
      "nid": 1779122288796
    },
    "Card3": {
      "mid": 1777537141813,
      "nid": 1779122288797
    },
    "Card4": {
      "mid": 1777537141813,
      "nid": 1779122288798
    },
    "Card5": {
      "mid": 1777537141813,
      "nid": 1779122288799
    },
    "Card6": {
      "mid": 1777537141813,
      "nid": 1779122288800
    }
  },
  "profile": "experiments"
}