{
  "deck": "imported-from-markdown",
  "notes": {
    "Card1": {
      "mid": 1777537141809,
      "nid": 1777626316148
    },
    "Card2": {
      "mid": 1777537141813,
      "nid": 1777626317049
    },
    "Card3": {
      "mid": 1777537141813,
      "nid": 1777626317555
    },
    "Card4": {
      "mid": 1777537141813,
      "nid": 1777626318006
    },
    "Card5": {
      "mid": 1777537141813,
      "nid": 1777626318430
    },
    "Card6": {
      "mid": 1777537141813,
      "nid": 1777626318837
    }
  },
  "profile": "experiments"
}